
Microsoft Visual Studio Solution File, Format Version 12.00
# Visual Studio Version 17
VisualStudioVersion = 17.14.36401.2
MinimumVisualStudioVersion = 10.0.40219.1
Project("{FAE04EC0-301F-11D3-BF4B-00C04F79EFBC}") = "SFMovies.API", "SFMovies.API\SFMovies.API.csproj", "{DD0EF5AF-2EB0-49DC-80A5-C8021C6608B5}"
EndProject
Project("{FAE04EC0-301F-11D3-BF4B-00C04F79EFBC}") = "SFMovies.Application", "SFMovies.Application\SFMovies.Application.csproj", "{0B505492-B309-4292-B666-4EB622FCAD32}"
EndProject
Project("{FAE04EC0-301F-11D3-BF4B-00C04F79EFBC}") = "SFMovies.Domain", "SFMovies.Domain\SFMovies.Domain.csproj", "{9F4EE90C-BB79-44C4-AFB0-E95196D5B8C4}"
EndProject
Project("{FAE04EC0-301F-11D3-BF4B-00C04F79EFBC}") = "SFMovies.Infrastructure", "SFMovies.Infrastructure\SFMovies.Infrastructure.csproj", "{7D201DC2-9BBE-4705-9D6E-135DD77B2A03}"
EndProject
Global
	GlobalSection(SolutionConfigurationPlatforms) = preSolution
		Debug|Any CPU = Debug|Any CPU
		Release|Any CPU = Release|Any CPU
	EndGlobalSection
	GlobalSection(ProjectConfigurationPlatforms) = postSolution
		{DD0EF5AF-2EB0-49DC-80A5-C8021C6608B5}.Debug|Any CPU.ActiveCfg = Debug|Any CPU
		{DD0EF5AF-2EB0-49DC-80A5-C8021C6608B5}.Debug|Any CPU.Build.0 = Debug|Any CPU
		{DD0EF5AF-2EB0-49DC-80A5-C8021C6608B5}.Release|Any CPU.ActiveCfg = Release|Any CPU
		{DD0EF5AF-2EB0-49DC-80A5-C8021C6608B5}.Release|Any CPU.Build.0 = Release|Any CPU
		{0B505492-B309-4292-B666-4EB622FCAD32}.Debug|Any CPU.ActiveCfg = Debug|Any CPU
		{0B505492-B309-4292-B666-4EB622FCAD32}.Debug|Any CPU.Build.0 = Debug|Any CPU
		{0B505492-B309-4292-B666-4EB622FCAD32}.Release|Any CPU.ActiveCfg = Release|Any CPU
		{0B505492-B309-4292-B666-4EB622FCAD32}.Release|Any CPU.Build.0 = Release|Any CPU
		{9F4EE90C-BB79-44C4-AFB0-E95196D5B8C4}.Debug|Any CPU.ActiveCfg = Debug|Any CPU
		{9F4EE90C-BB79-44C4-AFB0-E95196D5B8C4}.Debug|Any CPU.Build.0 = Debug|Any CPU
		{9F4EE90C-BB79-44C4-AFB0-E95196D5B8C4}.Release|Any CPU.ActiveCfg = Release|Any CPU
		{9F4EE90C-BB79-44C4-AFB0-E95196D5B8C4}.Release|Any CPU.Build.0 = Release|Any CPU
		{7D201DC2-9BBE-4705-9D6E-135DD77B2A03}.Debug|Any CPU.ActiveCfg = Debug|Any CPU
		{7D201DC2-9BBE-4705-9D6E-135DD77B2A03}.Debug|Any CPU.Build.0 = Debug|Any CPU
		{7D201DC2-9BBE-4705-9D6E-135DD77B2A03}.Release|Any CPU.ActiveCfg = Release|Any CPU
		{7D201DC2-9BBE-4705-9D6E-135DD77B2A03}.Release|Any CPU.Build.0 = Release|Any CPU
	EndGlobalSection
	GlobalSection(SolutionProperties) = preSolution
		HideSolutionNode = FALSE
	EndGlobalSection
	GlobalSection(ExtensibilityGlobals) = postSolution
		SolutionGuid = {EFF92C73-18B3-406C-8C94-D08EB4A10275}
	EndGlobalSection
EndGlobal
